
Microsoft Visual Studio Solution File, Format Version 12.00
# Visual Studio Version 17
VisualStudioVersion = 17.3.32819.101
MinimumVisualStudioVersion = 10.0.40219.1
Project("{FAE04EC0-301F-11D3-BF4B-00C04F79EFBC}") = "NoTakingApp", "NoTakingApp\NoTakingApp.csproj", "{3DE2945E-9C18-4D35-B62D-FB5C1CE9089C}"
EndProject
Global
	GlobalSection(SolutionConfigurationPlatforms) = preSolution
		Debug|Any CPU = Debug|Any CPU
		Release|Any CPU = Release|Any CPU
	EndGlobalSection
	GlobalSection(ProjectConfigurationPlatforms) = postSolution
		{3DE2945E-9C18-4D35-B62D-FB5C1CE9089C}.Debug|Any CPU.ActiveCfg = Debug|Any CPU
		{3DE2945E-9C18-4D35-B62D-FB5C1CE9089C}.Debug|Any CPU.Build.0 = Debug|Any CPU
		{3DE2945E-9C18-4D35-B62D-FB5C1CE9089C}.Release|Any CPU.ActiveCfg = Release|Any CPU
		{3DE2945E-9C18-4D35-B62D-FB5C1CE9089C}.Release|Any CPU.Build.0 = Release|Any CPU
	EndGlobalSection
	GlobalSection(SolutionProperties) = preSolution
		HideSolutionNode = FALSE
	EndGlobalSection
	GlobalSection(ExtensibilityGlobals) = postSolution
		SolutionGuid = {8DA19067-06DF-4D6F-83C5-5CC4C21513DE}
	EndGlobalSection
EndGlobal
